
Microsoft Visual Studio Solution File, Format Version 12.00
# Visual Studio Version 16
VisualStudioVersion = 16.0.31624.102
MinimumVisualStudioVersion = 10.0.40219.1
Project("{FAE04EC0-301F-11D3-BF4B-00C04F79EFBC}") = "Calculadora", "Calculadora\Calculadora.csproj", "{2FFBA840-C4D8-4865-A598-3E95389A1229}"
EndProject
Project("{FAE04EC0-301F-11D3-BF4B-00C04F79EFBC}") = "Calculadora.Test", "Calculadora.Test\Calculadora.Test.csproj", "{66DC6837-0ABE-4C9A-A0CE-C6B4F327CEA6}"
EndProject
Global
	GlobalSection(SolutionConfigurationPlatforms) = preSolution
		Debug|Any CPU = Debug|Any CPU
		Release|Any CPU = Release|Any CPU
	EndGlobalSection
	GlobalSection(ProjectConfigurationPlatforms) = postSolution
		{2FFBA840-C4D8-4865-A598-3E95389A1229}.Debug|Any CPU.ActiveCfg = Debug|Any CPU
		{2FFBA840-C4D8-4865-A598-3E95389A1229}.Debug|Any CPU.Build.0 = Debug|Any CPU
		{2FFBA840-C4D8-4865-A598-3E95389A1229}.Release|Any CPU.ActiveCfg = Release|Any CPU
		{2FFBA840-C4D8-4865-A598-3E95389A1229}.Release|Any CPU.Build.0 = Release|Any CPU
		{66DC6837-0ABE-4C9A-A0CE-C6B4F327CEA6}.Debug|Any CPU.ActiveCfg = Debug|Any CPU
		{66DC6837-0ABE-4C9A-A0CE-C6B4F327CEA6}.Debug|Any CPU.Build.0 = Debug|Any CPU
		{66DC6837-0ABE-4C9A-A0CE-C6B4F327CEA6}.Release|Any CPU.ActiveCfg = Release|Any CPU
		{66DC6837-0ABE-4C9A-A0CE-C6B4F327CEA6}.Release|Any CPU.Build.0 = Release|Any CPU
	EndGlobalSection
	GlobalSection(SolutionProperties) = preSolution
		HideSolutionNode = FALSE
	EndGlobalSection
	GlobalSection(ExtensibilityGlobals) = postSolution
		SolutionGuid = {B0364F8B-CFC5-4395-B925-DF6842E1E582}
	EndGlobalSection
EndGlobal
